
Microsoft Visual Studio Solution File, Format Version 12.00
# Visual Studio 14
VisualStudioVersion = 14.0.25420.1
MinimumVisualStudioVersion = 10.0.40219.1
Project("{FAE04EC0-301F-11D3-BF4B-00C04F79EFBC}") = "Project1", "Project1\Project1.csproj", "{A051DC7E-410E-4BC3-9B2A-BB36DAA5562B}"
EndProject
Project("{FAE04EC0-301F-11D3-BF4B-00C04F79EFBC}") = "Project2", "Project2\Project2.csproj", "{FF3FF72C-8513-4952-867E-6E9BBE070AE4}"
EndProject
Global
	GlobalSection(SolutionConfigurationPlatforms) = preSolution
		Debug|Any CPU = Debug|Any CPU
		Release|Any CPU = Release|Any CPU
	EndGlobalSection
	GlobalSection(ProjectConfigurationPlatforms) = postSolution
		{A051DC7E-410E-4BC3-9B2A-BB36DAA5562B}.Debug|Any CPU.ActiveCfg = Debug|Any CPU
		{A051DC7E-410E-4BC3-9B2A-BB36DAA5562B}.Debug|Any CPU.Build.0 = Debug|Any CPU
		{A051DC7E-410E-4BC3-9B2A-BB36DAA5562B}.Release|Any CPU.ActiveCfg = Release|Any CPU
		{A051DC7E-410E-4BC3-9B2A-BB36DAA5562B}.Release|Any CPU.Build.0 = Release|Any CPU
		{FF3FF72C-8513-4952-867E-6E9BBE070AE4}.Debug|Any CPU.ActiveCfg = Debug|Any CPU
		{FF3FF72C-8513-4952-867E-6E9BBE070AE4}.Debug|Any CPU.Build.0 = Debug|Any CPU
		{FF3FF72C-8513-4952-867E-6E9BBE070AE4}.Release|Any CPU.ActiveCfg = Release|Any CPU
		{FF3FF72C-8513-4952-867E-6E9BBE070AE4}.Release|Any CPU.Build.0 = Release|Any CPU
	EndGlobalSection
	GlobalSection(SolutionProperties) = preSolution
		HideSolutionNode = FALSE
	EndGlobalSection
EndGlobal
